
Microsoft Visual Studio Solution File, Format Version 12.00
# Visual Studio Version 16
VisualStudioVersion = 16.0.29001.49
MinimumVisualStudioVersion = 10.0.40219.1
Project("{8BC9CEB8-8B4A-11D0-8D11-00A0C91BC942}") = "FreeWay", "FreeWay.vcxproj", "{BAB61510-25E2-404A-8B61-F365E154556F}"
EndProject
Global
	GlobalSection(SolutionConfigurationPlatforms) = preSolution
		Debug|x64 = Debug|x64
		Debug|x86 = Debug|x86
		Release|x64 = Release|x64
		Release|x86 = Release|x86
	EndGlobalSection
	GlobalSection(ProjectConfigurationPlatforms) = postSolution
		{BAB61510-25E2-404A-8B61-F365E154556F}.Debug|x64.ActiveCfg = Debug|x64
		{BAB61510-25E2-404A-8B61-F365E154556F}.Debug|x64.Build.0 = Debug|x64
		{BAB61510-25E2-404A-8B61-F365E154556F}.Debug|x86.ActiveCfg = Debug|Win32
		{BAB61510-25E2-404A-8B61-F365E154556F}.Debug|x86.Build.0 = Debug|Win32
		{BAB61510-25E2-404A-8B61-F365E154556F}.Release|x64.ActiveCfg = Release|x64
		{BAB61510-25E2-404A-8B61-F365E154556F}.Release|x64.Build.0 = Release|x64
		{BAB61510-25E2-404A-8B61-F365E154556F}.Release|x86.ActiveCfg = Release|Win32
		{BAB61510-25E2-404A-8B61-F365E154556F}.Release|x86.Build.0 = Release|Win32
	EndGlobalSection
	GlobalSection(SolutionProperties) = preSolution
		HideSolutionNode = FALSE
	EndGlobalSection
	GlobalSection(ExtensibilityGlobals) = postSolution
		SolutionGuid = {FF25EE44-A6C9-4DBD-BAC9-E21CCA62CB2F}
	EndGlobalSection
EndGlobal
